
Microsoft Visual Studio Solution File, Format Version 12.00
# Visual Studio 2012
Project("{FAE04EC0-301F-11D3-BF4B-00C04F79EFBC}") = "FileWorker", "FileWorker\FileWorker.csproj", "{87414846-6A4E-4322-A956-91F644563AAB}"
EndProject
Global
	GlobalSection(SolutionConfigurationPlatforms) = preSolution
		Debug|Any CPU = Debug|Any CPU
		Release|Any CPU = Release|Any CPU
	EndGlobalSection
	GlobalSection(ProjectConfigurationPlatforms) = postSolution
		{87414846-6A4E-4322-A956-91F644563AAB}.Debug|Any CPU.ActiveCfg = Debug|Any CPU
		{87414846-6A4E-4322-A956-91F644563AAB}.Debug|Any CPU.Build.0 = Debug|Any CPU
		{87414846-6A4E-4322-A956-91F644563AAB}.Release|Any CPU.ActiveCfg = Release|Any CPU
		{87414846-6A4E-4322-A956-91F644563AAB}.Release|Any CPU.Build.0 = Release|Any CPU
	EndGlobalSection
	GlobalSection(SolutionProperties) = preSolution
		HideSolutionNode = FALSE
	EndGlobalSection
EndGlobal
